
Microsoft Visual Studio Solution File, Format Version 12.00
# Visual Studio 15
VisualStudioVersion = 15.0.27428.2037
MinimumVisualStudioVersion = 10.0.40219.1
Project("{FAE04EC0-301F-11D3-BF4B-00C04F79EFBC}") = "MiCalculadora", "MiCalculadora\MiCalculadora.csproj", "{1FBA2725-0520-496E-98E5-B58E5065BEFE}"
EndProject
Project("{FAE04EC0-301F-11D3-BF4B-00C04F79EFBC}") = "Entidades", "Entidades\Entidades.csproj", "{F3E147F8-C53A-4BAA-A2E2-537A28953B06}"
EndProject
Global
	GlobalSection(SolutionConfigurationPlatforms) = preSolution
		Debug|Any CPU = Debug|Any CPU
		Release|Any CPU = Release|Any CPU
	EndGlobalSection
	GlobalSection(ProjectConfigurationPlatforms) = postSolution
		{1FBA2725-0520-496E-98E5-B58E5065BEFE}.Debug|Any CPU.ActiveCfg = Debug|Any CPU
		{1FBA2725-0520-496E-98E5-B58E5065BEFE}.Debug|Any CPU.Build.0 = Debug|Any CPU
		{1FBA2725-0520-496E-98E5-B58E5065BEFE}.Release|Any CPU.ActiveCfg = Release|Any CPU
		{1FBA2725-0520-496E-98E5-B58E5065BEFE}.Release|Any CPU.Build.0 = Release|Any CPU
		{F3E147F8-C53A-4BAA-A2E2-537A28953B06}.Debug|Any CPU.ActiveCfg = Debug|Any CPU
		{F3E147F8-C53A-4BAA-A2E2-537A28953B06}.Debug|Any CPU.Build.0 = Debug|Any CPU
		{F3E147F8-C53A-4BAA-A2E2-537A28953B06}.Release|Any CPU.ActiveCfg = Release|Any CPU
		{F3E147F8-C53A-4BAA-A2E2-537A28953B06}.Release|Any CPU.Build.0 = Release|Any CPU
	EndGlobalSection
	GlobalSection(SolutionProperties) = preSolution
		HideSolutionNode = FALSE
	EndGlobalSection
	GlobalSection(ExtensibilityGlobals) = postSolution
		SolutionGuid = {428EFFC1-7183-4C51-8646-FB352135A949}
	EndGlobalSection
EndGlobal
