
Microsoft Visual Studio Solution File, Format Version 12.00
# Visual Studio 15
VisualStudioVersion = 15.0.27703.2000
MinimumVisualStudioVersion = 10.0.40219.1
Project("{FAE04EC0-301F-11D3-BF4B-00C04F79EFBC}") = "CorreoForm", "CorreoForm\CorreoForm.csproj", "{F06D9704-69FE-4D5B-AA9C-73AC12255209}"
EndProject
Project("{FAE04EC0-301F-11D3-BF4B-00C04F79EFBC}") = "Entidades", "Entidades\Entidades.csproj", "{F6728536-16F0-4554-88F4-5FC6DD540855}"
EndProject
Project("{FAE04EC0-301F-11D3-BF4B-00C04F79EFBC}") = "CorreoUnitTest", "CorreoUnitTest\CorreoUnitTest.csproj", "{619C3AB2-7B88-4295-85C3-656293D1C874}"
EndProject
Global
	GlobalSection(SolutionConfigurationPlatforms) = preSolution
		Debug|Any CPU = Debug|Any CPU
		Release|Any CPU = Release|Any CPU
	EndGlobalSection
	GlobalSection(ProjectConfigurationPlatforms) = postSolution
		{F06D9704-69FE-4D5B-AA9C-73AC12255209}.Debug|Any CPU.ActiveCfg = Debug|Any CPU
		{F06D9704-69FE-4D5B-AA9C-73AC12255209}.Debug|Any CPU.Build.0 = Debug|Any CPU
		{F06D9704-69FE-4D5B-AA9C-73AC12255209}.Release|Any CPU.ActiveCfg = Release|Any CPU
		{F06D9704-69FE-4D5B-AA9C-73AC12255209}.Release|Any CPU.Build.0 = Release|Any CPU
		{F6728536-16F0-4554-88F4-5FC6DD540855}.Debug|Any CPU.ActiveCfg = Debug|Any CPU
		{F6728536-16F0-4554-88F4-5FC6DD540855}.Debug|Any CPU.Build.0 = Debug|Any CPU
		{F6728536-16F0-4554-88F4-5FC6DD540855}.Release|Any CPU.ActiveCfg = Release|Any CPU
		{F6728536-16F0-4554-88F4-5FC6DD540855}.Release|Any CPU.Build.0 = Release|Any CPU
		{619C3AB2-7B88-4295-85C3-656293D1C874}.Debug|Any CPU.ActiveCfg = Debug|Any CPU
		{619C3AB2-7B88-4295-85C3-656293D1C874}.Debug|Any CPU.Build.0 = Debug|Any CPU
		{619C3AB2-7B88-4295-85C3-656293D1C874}.Release|Any CPU.ActiveCfg = Release|Any CPU
		{619C3AB2-7B88-4295-85C3-656293D1C874}.Release|Any CPU.Build.0 = Release|Any CPU
	EndGlobalSection
	GlobalSection(SolutionProperties) = preSolution
		HideSolutionNode = FALSE
	EndGlobalSection
	GlobalSection(ExtensibilityGlobals) = postSolution
		SolutionGuid = {FA309318-A5A8-4428-99E7-489DB7353B9A}
	EndGlobalSection
EndGlobal
